
Microsoft Visual Studio Solution File, Format Version 12.00
# Visual Studio Version 17
VisualStudioVersion = 17.6.33815.320
MinimumVisualStudioVersion = 10.0.40219.1
Project("{FAE04EC0-301F-11D3-BF4B-00C04F79EFBC}") = "LabExamQu2", "LabExamQu2.csproj", "{78EFCC88-5B5F-43C1-B617-593F33A3D74C}"
EndProject
Global
	GlobalSection(SolutionConfigurationPlatforms) = preSolution
		Debug|Any CPU = Debug|Any CPU
		Release|Any CPU = Release|Any CPU
	EndGlobalSection
	GlobalSection(ProjectConfigurationPlatforms) = postSolution
		{78EFCC88-5B5F-43C1-B617-593F33A3D74C}.Debug|Any CPU.ActiveCfg = Debug|Any CPU
		{78EFCC88-5B5F-43C1-B617-593F33A3D74C}.Debug|Any CPU.Build.0 = Debug|Any CPU
		{78EFCC88-5B5F-43C1-B617-593F33A3D74C}.Release|Any CPU.ActiveCfg = Release|Any CPU
		{78EFCC88-5B5F-43C1-B617-593F33A3D74C}.Release|Any CPU.Build.0 = Release|Any CPU
	EndGlobalSection
	GlobalSection(SolutionProperties) = preSolution
		HideSolutionNode = FALSE
	EndGlobalSection
	GlobalSection(ExtensibilityGlobals) = postSolution
		SolutionGuid = {AE301E12-1407-4781-8390-0002D86B6D98}
	EndGlobalSection
EndGlobal
